
Microsoft Visual Studio Solution File, Format Version 12.00
# Visual Studio 14
VisualStudioVersion = 14.0.25420.1
MinimumVisualStudioVersion = 10.0.40219.1
Project("{FAE04EC0-301F-11D3-BF4B-00C04F79EFBC}") = "CapaDAO", "CapaDAO\CapaDAO.csproj", "{CB7139D6-6775-4687-BD53-224C59D94365}"
EndProject
Project("{FAE04EC0-301F-11D3-BF4B-00C04F79EFBC}") = "CapaModelo", "CapaModelo\CapaModelo.csproj", "{62A9E6D4-9702-432D-957E-33C8C36397F1}"
EndProject
Project("{FAE04EC0-301F-11D3-BF4B-00C04F79EFBC}") = "CapaLogica", "CapaLogica\CapaLogica.csproj", "{E2FB3943-7C69-4E20-B95B-5903DA17E692}"
EndProject
Project("{FAE04EC0-301F-11D3-BF4B-00C04F79EFBC}") = "MvcApplication1", "MvcApplication1\MvcApplication1.csproj", "{DCFD1092-693E-4339-ACCA-8717850A0FB2}"
EndProject
Project("{FAE04EC0-301F-11D3-BF4B-00C04F79EFBC}") = "WebAppProyecto", "WebAppProyecto\WebAppProyecto.csproj", "{ECA0150E-E155-474C-BEC9-6BE439B8E25E}"
EndProject
Global
	GlobalSection(SolutionConfigurationPlatforms) = preSolution
		Debug|Any CPU = Debug|Any CPU
		Release|Any CPU = Release|Any CPU
	EndGlobalSection
	GlobalSection(ProjectConfigurationPlatforms) = postSolution
		{CB7139D6-6775-4687-BD53-224C59D94365}.Debug|Any CPU.ActiveCfg = Debug|Any CPU
		{CB7139D6-6775-4687-BD53-224C59D94365}.Debug|Any CPU.Build.0 = Debug|Any CPU
		{CB7139D6-6775-4687-BD53-224C59D94365}.Release|Any CPU.ActiveCfg = Release|Any CPU
		{CB7139D6-6775-4687-BD53-224C59D94365}.Release|Any CPU.Build.0 = Release|Any CPU
		{62A9E6D4-9702-432D-957E-33C8C36397F1}.Debug|Any CPU.ActiveCfg = Debug|Any CPU
		{62A9E6D4-9702-432D-957E-33C8C36397F1}.Debug|Any CPU.Build.0 = Debug|Any CPU
		{62A9E6D4-9702-432D-957E-33C8C36397F1}.Release|Any CPU.ActiveCfg = Release|Any CPU
		{62A9E6D4-9702-432D-957E-33C8C36397F1}.Release|Any CPU.Build.0 = Release|Any CPU
		{E2FB3943-7C69-4E20-B95B-5903DA17E692}.Debug|Any CPU.ActiveCfg = Debug|Any CPU
		{E2FB3943-7C69-4E20-B95B-5903DA17E692}.Debug|Any CPU.Build.0 = Debug|Any CPU
		{E2FB3943-7C69-4E20-B95B-5903DA17E692}.Release|Any CPU.ActiveCfg = Release|Any CPU
		{E2FB3943-7C69-4E20-B95B-5903DA17E692}.Release|Any CPU.Build.0 = Release|Any CPU
		{DCFD1092-693E-4339-ACCA-8717850A0FB2}.Debug|Any CPU.ActiveCfg = Debug|Any CPU
		{DCFD1092-693E-4339-ACCA-8717850A0FB2}.Debug|Any CPU.Build.0 = Debug|Any CPU
		{DCFD1092-693E-4339-ACCA-8717850A0FB2}.Release|Any CPU.ActiveCfg = Release|Any CPU
		{DCFD1092-693E-4339-ACCA-8717850A0FB2}.Release|Any CPU.Build.0 = Release|Any CPU
		{ECA0150E-E155-474C-BEC9-6BE439B8E25E}.Debug|Any CPU.ActiveCfg = Debug|Any CPU
		{ECA0150E-E155-474C-BEC9-6BE439B8E25E}.Debug|Any CPU.Build.0 = Debug|Any CPU
		{ECA0150E-E155-474C-BEC9-6BE439B8E25E}.Release|Any CPU.ActiveCfg = Release|Any CPU
		{ECA0150E-E155-474C-BEC9-6BE439B8E25E}.Release|Any CPU.Build.0 = Release|Any CPU
	EndGlobalSection
	GlobalSection(SolutionProperties) = preSolution
		HideSolutionNode = FALSE
	EndGlobalSection
EndGlobal
